
Microsoft Visual Studio Solution File, Format Version 12.00
# Visual Studio Version 16
VisualStudioVersion = 16.0.810.21
MinimumVisualStudioVersion = 10.0.40219.1
Project("{FAE04EC0-301F-11D3-BF4B-00C04F79EFBC}") = "Intex", "Intex\Intex.csproj", "{418FFA58-B89F-48BA-A3E6-A09AC87E3BA0}"
EndProject
Global
	GlobalSection(SolutionConfigurationPlatforms) = preSolution
		Debug|Any CPU = Debug|Any CPU
		Release|Any CPU = Release|Any CPU
	EndGlobalSection
	GlobalSection(ProjectConfigurationPlatforms) = postSolution
		{418FFA58-B89F-48BA-A3E6-A09AC87E3BA0}.Debug|Any CPU.ActiveCfg = Debug|Any CPU
		{418FFA58-B89F-48BA-A3E6-A09AC87E3BA0}.Debug|Any CPU.Build.0 = Debug|Any CPU
		{418FFA58-B89F-48BA-A3E6-A09AC87E3BA0}.Release|Any CPU.ActiveCfg = Release|Any CPU
		{418FFA58-B89F-48BA-A3E6-A09AC87E3BA0}.Release|Any CPU.Build.0 = Release|Any CPU
	EndGlobalSection
	GlobalSection(SolutionProperties) = preSolution
		HideSolutionNode = FALSE
	EndGlobalSection
	GlobalSection(ExtensibilityGlobals) = postSolution
		SolutionGuid = {92FD14BA-42A5-4A91-8C87-8456BAEACA07}
	EndGlobalSection
EndGlobal
